
Microsoft Visual Studio Solution File, Format Version 12.00
# Visual Studio 15
VisualStudioVersion = 15.0.27703.2026
MinimumVisualStudioVersion = 10.0.40219.1
Project("{E24C65DC-7377-472B-9ABA-BC803B73C61A}") = "ao.i-account.service", "ao.i-account.service\", "{B6CB6D45-A775-4524-B421-8940DAC6105A}"
	ProjectSection(WebsiteProperties) = preProject
		TargetFrameworkMoniker = ".NETFramework,Version%3Dv4.6.1"
		Debug.AspNetCompiler.VirtualPath = "/localhost_62786"
		Debug.AspNetCompiler.PhysicalPath = "ao.i-account.service\"
		Debug.AspNetCompiler.TargetPath = "PrecompiledWeb\localhost_62786\"
		Debug.AspNetCompiler.Updateable = "true"
		Debug.AspNetCompiler.ForceOverwrite = "true"
		Debug.AspNetCompiler.FixedNames = "false"
		Debug.AspNetCompiler.Debug = "True"
		Release.AspNetCompiler.VirtualPath = "/localhost_62786"
		Release.AspNetCompiler.PhysicalPath = "ao.i-account.service\"
		Release.AspNetCompiler.TargetPath = "PrecompiledWeb\localhost_62786\"
		Release.AspNetCompiler.Updateable = "true"
		Release.AspNetCompiler.ForceOverwrite = "true"
		Release.AspNetCompiler.FixedNames = "false"
		Release.AspNetCompiler.Debug = "False"
		VWDPort = "62786"
		SlnRelativePath = "ao.i-account.service\"
		DefaultWebSiteLanguage = "Visual C#"
	EndProjectSection
EndProject
Project("{00D1A9C2-B5F0-4AF3-8072-F6C62B433612}") = "ao.i-account.db", "ao.i-account.db\ao.i-account.db.sqlproj", "{4F10378A-A874-4ABA-86D7-474E4426B7BA}"
EndProject
Global
	GlobalSection(SolutionConfigurationPlatforms) = preSolution
		Debug|Any CPU = Debug|Any CPU
		Release|Any CPU = Release|Any CPU
	EndGlobalSection
	GlobalSection(ProjectConfigurationPlatforms) = postSolution
		{B6CB6D45-A775-4524-B421-8940DAC6105A}.Debug|Any CPU.ActiveCfg = Debug|Any CPU
		{B6CB6D45-A775-4524-B421-8940DAC6105A}.Debug|Any CPU.Build.0 = Debug|Any CPU
		{B6CB6D45-A775-4524-B421-8940DAC6105A}.Release|Any CPU.ActiveCfg = Debug|Any CPU
		{B6CB6D45-A775-4524-B421-8940DAC6105A}.Release|Any CPU.Build.0 = Debug|Any CPU
		{4F10378A-A874-4ABA-86D7-474E4426B7BA}.Debug|Any CPU.ActiveCfg = Debug|Any CPU
		{4F10378A-A874-4ABA-86D7-474E4426B7BA}.Debug|Any CPU.Build.0 = Debug|Any CPU
		{4F10378A-A874-4ABA-86D7-474E4426B7BA}.Debug|Any CPU.Deploy.0 = Debug|Any CPU
		{4F10378A-A874-4ABA-86D7-474E4426B7BA}.Release|Any CPU.ActiveCfg = Release|Any CPU
		{4F10378A-A874-4ABA-86D7-474E4426B7BA}.Release|Any CPU.Build.0 = Release|Any CPU
		{4F10378A-A874-4ABA-86D7-474E4426B7BA}.Release|Any CPU.Deploy.0 = Release|Any CPU
	EndGlobalSection
	GlobalSection(SolutionProperties) = preSolution
		HideSolutionNode = FALSE
	EndGlobalSection
	GlobalSection(ExtensibilityGlobals) = postSolution
		SolutionGuid = {36A9A7C8-5996-4803-BE0A-C0FD6C6FCBB5}
	EndGlobalSection
EndGlobal
